{
  "requires": true,
  "lockfileVersion": 1,
  "dependencies": {
    "case-sensitive-paths-webpack-plugin": {
      "version": "2.1.2",
      "resolved": "https://registry.npmjs.org/case-sensitive-paths-webpack-plugin/-/case-sensitive-paths-webpack-plugin-2.1.2.tgz",
      "integrity": "sha512-oEZgAFfEvKtjSRCu6VgYkuGxwrWXMnQzyBmlLPP7r6PWQVtHxP5Z5N6XsuJvtoVax78am/r7lr46bwo3IVEBOg==",
      "dev": true
    },
    "immutability-helper": {
      "version": "2.7.1",
      "resolved": "https://registry.npmjs.org/immutability-helper/-/immutability-helper-2.7.1.tgz",
      "integrity": "sha512-6uhvN9F1TRPtirUV3b7MIeY34h+U2hFR5hyK6jaWOvT36BNXYCx2tGujZhx/41fzUta/VNmK47scDhohTFYRDw==",
      "requires": {
        "invariant": "2.2.4"
      }
    },
    "invariant": {
      "version": "2.2.4",
      "resolved": "https://registry.npmjs.org/invariant/-/invariant-2.2.4.tgz",
      "integrity": "sha512-phJfQVBuaJM5raOpJjSfkiD6BpbCE4Ns//LaXl6wGYtUBY83nWS6Rf9tXm2e8VaK60JEjYldbPif/A2B1C2gNA==",
      "requires": {
        "loose-envify": "1.4.0"
      }
    },
    "js-tokens": {
      "version": "4.0.0",
      "resolved": "https://registry.npmjs.org/js-tokens/-/js-tokens-4.0.0.tgz",
      "integrity": "sha512-RdJUflcE3cUzKiMqQgsCu06FPu9UdIJO0beYbPhHN4k6apgJtifcoCtT9bcxOpYBtpD2kCM6Sbzg4CausW/PKQ=="
    },
    "loose-envify": {
      "version": "1.4.0",
      "resolved": "https://registry.npmjs.org/loose-envify/-/loose-envify-1.4.0.tgz",
      "integrity": "sha512-lyuxPGr/Wfhrlem2CL/UcnUc1zcqKAImBDzukY7Y5F/yQiNdko6+fRLevlw1HgMySw7f611UIY408EtxRSoK3Q==",
      "requires": {
        "js-tokens": "4.0.0"
      }
    },
    "typescript": {
      "version": "2.9.2",
      "resolved": "https://registry.npmjs.org/typescript/-/typescript-2.9.2.tgz",
      "integrity": "sha512-Gr4p6nFNaoufRIY4NMdpQRNmgxVIGMs4Fcu/ujdYk3nAZqk7supzBE9idmvfZIlH/Cuj//dvi+019qEue9lV0w=="
    },
    "yarn": {
      "version": "1.7.0",
      "resolved": "https://registry.npmjs.org/yarn/-/yarn-1.7.0.tgz",
      "integrity": "sha1-AHa5/eYBDgGVBSamCbxTvBde+SU="
    }
  }
}
